
Microsoft Visual Studio Solution File, Format Version 12.00
# Visual Studio Version 17
VisualStudioVersion = 17.0.31903.59
MinimumVisualStudioVersion = 10.0.40219.1
Project("{2150E333-8FDC-42A3-9474-1A3956D46DE8}") = "src", "src", "{61614144-DDBC-452D-958B-791D02C59C2F}"
EndProject
Project("{FAE04EC0-301F-11D3-BF4B-00C04F79EFBC}") = "PipitaDesktop", "src\PipitaDesktop\PipitaDesktop.csproj", "{ADC91E6F-C170-46E9-BE0C-14B35D85EA90}"
EndProject
Global
	GlobalSection(SolutionConfigurationPlatforms) = preSolution
		Debug|Any CPU = Debug|Any CPU
		Release|Any CPU = Release|Any CPU
	EndGlobalSection
	GlobalSection(SolutionProperties) = preSolution
		HideSolutionNode = FALSE
	EndGlobalSection
	GlobalSection(ProjectConfigurationPlatforms) = postSolution
		{ADC91E6F-C170-46E9-BE0C-14B35D85EA90}.Debug|Any CPU.ActiveCfg = Debug|Any CPU
		{ADC91E6F-C170-46E9-BE0C-14B35D85EA90}.Debug|Any CPU.Build.0 = Debug|Any CPU
		{ADC91E6F-C170-46E9-BE0C-14B35D85EA90}.Release|Any CPU.ActiveCfg = Release|Any CPU
		{ADC91E6F-C170-46E9-BE0C-14B35D85EA90}.Release|Any CPU.Build.0 = Release|Any CPU
	EndGlobalSection
	GlobalSection(NestedProjects) = preSolution
		{ADC91E6F-C170-46E9-BE0C-14B35D85EA90} = {61614144-DDBC-452D-958B-791D02C59C2F}
	EndGlobalSection
EndGlobal
